
Microsoft Visual Studio Solution File, Format Version 12.00
# Visual Studio Version 16
VisualStudioVersion = 16.0.30611.23
MinimumVisualStudioVersion = 10.0.40219.1
Project("{FAE04EC0-301F-11D3-BF4B-00C04F79EFBC}") = "Fractal", "Fractal\Fractal.csproj", "{137B5BEB-A0B1-4093-B25D-86A6098D46D8}"
EndProject
Global
	GlobalSection(SolutionConfigurationPlatforms) = preSolution
		Debug|Any CPU = Debug|Any CPU
		Release|Any CPU = Release|Any CPU
	EndGlobalSection
	GlobalSection(ProjectConfigurationPlatforms) = postSolution
		{137B5BEB-A0B1-4093-B25D-86A6098D46D8}.Debug|Any CPU.ActiveCfg = Debug|Any CPU
		{137B5BEB-A0B1-4093-B25D-86A6098D46D8}.Debug|Any CPU.Build.0 = Debug|Any CPU
		{137B5BEB-A0B1-4093-B25D-86A6098D46D8}.Release|Any CPU.ActiveCfg = Release|Any CPU
		{137B5BEB-A0B1-4093-B25D-86A6098D46D8}.Release|Any CPU.Build.0 = Release|Any CPU
	EndGlobalSection
	GlobalSection(SolutionProperties) = preSolution
		HideSolutionNode = FALSE
	EndGlobalSection
	GlobalSection(ExtensibilityGlobals) = postSolution
		SolutionGuid = {DDC5D375-F153-4165-842E-56ADDA5D531E}
	EndGlobalSection
EndGlobal
